{
  "version": 1,
  "dependencies": {
    ".NETFramework,Version=v4.8.1": {
      "BepInEx.AssemblyPublicizer.MSBuild": {
        "type": "Direct",
        "requested": "[0.4.2, )",
        "resolved": "0.4.2",
        "contentHash": "AwGR6zOQxhWPWmcMdmhCaawC2qYdYHttkGmlXxyvhB1EIUAtuILEle8kKSkzElnbFGZjvw6iabpFi+AYUG4IuA=="
      }
    }
  }
}